
Microsoft Visual Studio Solution File, Format Version 12.00
# Visual Studio 15
VisualStudioVersion = 15.0.27130.2027
MinimumVisualStudioVersion = 10.0.40219.1
Project("{FAE04EC0-301F-11D3-BF4B-00C04F79EFBC}") = "LogoFX.Client.Core.Platform.UWP", "LogoFX.Client.Core.Platform\uwp\LogoFX.Client.Core.Platform.UWP.csproj", "{11FF7F23-9E17-48A8-9F8F-C3C65E4F7C7E}"
EndProject
Project("{FAE04EC0-301F-11D3-BF4B-00C04F79EFBC}") = "LogoFX.Client.Core.Platform.NET", "LogoFX.Client.Core.Platform\net\LogoFX.Client.Core.Platform.NET.csproj", "{27C2028A-1934-447F-953D-A6E2CB2851E1}"
EndProject
Project("{FAE04EC0-301F-11D3-BF4B-00C04F79EFBC}") = "LogoFX.Client.Core.Platform.Android", "LogoFX.Client.Core.Platform\android\LogoFX.Client.Core.Platform.Android.csproj", "{D904CB92-81F0-4336-825E-84C7A58F3F38}"
EndProject
Project("{FAE04EC0-301F-11D3-BF4B-00C04F79EFBC}") = "LogoFX.Client.Core.Platform.iOS", "LogoFX.Client.Core.Platform\iOS\LogoFX.Client.Core.Platform.iOS.csproj", "{67E8A8BC-989A-4E96-B2D1-D2FE67D50893}"
EndProject
Project("{9A19103F-16F7-4668-BE54-9A1E7A4F7556}") = "LogoFX.Client.Core", "LogoFX.Client.Core\LogoFX.Client.Core.csproj", "{9ED9B1E9-4838-4A69-A47D-5D69853F4A1E}"
EndProject
Project("{9A19103F-16F7-4668-BE54-9A1E7A4F7556}") = "LogoFX.Client.Core.Tests", "LogoFX.Client.Core.Tests\LogoFX.Client.Core.Tests.csproj", "{8B9E8507-10A4-45CE-8898-3A1C355C2A56}"
EndProject
Global
	GlobalSection(SolutionConfigurationPlatforms) = preSolution
		Debug|Any CPU = Debug|Any CPU
		Debug|ARM = Debug|ARM
		Debug|x64 = Debug|x64
		Debug|x86 = Debug|x86
		Release|Any CPU = Release|Any CPU
		Release|ARM = Release|ARM
		Release|x64 = Release|x64
		Release|x86 = Release|x86
	EndGlobalSection
	GlobalSection(ProjectConfigurationPlatforms) = postSolution
		{11FF7F23-9E17-48A8-9F8F-C3C65E4F7C7E}.Debug|Any CPU.ActiveCfg = Debug|Any CPU
		{11FF7F23-9E17-48A8-9F8F-C3C65E4F7C7E}.Debug|Any CPU.Build.0 = Debug|Any CPU
		{11FF7F23-9E17-48A8-9F8F-C3C65E4F7C7E}.Debug|ARM.ActiveCfg = Debug|ARM
		{11FF7F23-9E17-48A8-9F8F-C3C65E4F7C7E}.Debug|ARM.Build.0 = Debug|ARM
		{11FF7F23-9E17-48A8-9F8F-C3C65E4F7C7E}.Debug|x64.ActiveCfg = Debug|x64
		{11FF7F23-9E17-48A8-9F8F-C3C65E4F7C7E}.Debug|x64.Build.0 = Debug|x64
		{11FF7F23-9E17-48A8-9F8F-C3C65E4F7C7E}.Debug|x86.ActiveCfg = Debug|x86
		{11FF7F23-9E17-48A8-9F8F-C3C65E4F7C7E}.Debug|x86.Build.0 = Debug|x86
		{11FF7F23-9E17-48A8-9F8F-C3C65E4F7C7E}.Release|Any CPU.ActiveCfg = Release|Any CPU
		{11FF7F23-9E17-48A8-9F8F-C3C65E4F7C7E}.Release|Any CPU.Build.0 = Release|Any CPU
		{11FF7F23-9E17-48A8-9F8F-C3C65E4F7C7E}.Release|ARM.ActiveCfg = Release|ARM
		{11FF7F23-9E17-48A8-9F8F-C3C65E4F7C7E}.Release|ARM.Build.0 = Release|ARM
		{11FF7F23-9E17-48A8-9F8F-C3C65E4F7C7E}.Release|x64.ActiveCfg = Release|x64
		{11FF7F23-9E17-48A8-9F8F-C3C65E4F7C7E}.Release|x64.Build.0 = Release|x64
		{11FF7F23-9E17-48A8-9F8F-C3C65E4F7C7E}.Release|x86.ActiveCfg = Release|x86
		{11FF7F23-9E17-48A8-9F8F-C3C65E4F7C7E}.Release|x86.Build.0 = Release|x86
		{27C2028A-1934-447F-953D-A6E2CB2851E1}.Debug|Any CPU.ActiveCfg = Debug|Any CPU
		{27C2028A-1934-447F-953D-A6E2CB2851E1}.Debug|Any CPU.Build.0 = Debug|Any CPU
		{27C2028A-1934-447F-953D-A6E2CB2851E1}.Debug|ARM.ActiveCfg = Debug|Any CPU
		{27C2028A-1934-447F-953D-A6E2CB2851E1}.Debug|ARM.Build.0 = Debug|Any CPU
		{27C2028A-1934-447F-953D-A6E2CB2851E1}.Debug|x64.ActiveCfg = Debug|Any CPU
		{27C2028A-1934-447F-953D-A6E2CB2851E1}.Debug|x64.Build.0 = Debug|Any CPU
		{27C2028A-1934-447F-953D-A6E2CB2851E1}.Debug|x86.ActiveCfg = Debug|Any CPU
		{27C2028A-1934-447F-953D-A6E2CB2851E1}.Debug|x86.Build.0 = Debug|Any CPU
		{27C2028A-1934-447F-953D-A6E2CB2851E1}.Release|Any CPU.ActiveCfg = Release|Any CPU
		{27C2028A-1934-447F-953D-A6E2CB2851E1}.Release|Any CPU.Build.0 = Release|Any CPU
		{27C2028A-1934-447F-953D-A6E2CB2851E1}.Release|ARM.ActiveCfg = Release|Any CPU
		{27C2028A-1934-447F-953D-A6E2CB2851E1}.Release|ARM.Build.0 = Release|Any CPU
		{27C2028A-1934-447F-953D-A6E2CB2851E1}.Release|x64.ActiveCfg = Release|Any CPU
		{27C2028A-1934-447F-953D-A6E2CB2851E1}.Release|x64.Build.0 = Release|Any CPU
		{27C2028A-1934-447F-953D-A6E2CB2851E1}.Release|x86.ActiveCfg = Release|Any CPU
		{27C2028A-1934-447F-953D-A6E2CB2851E1}.Release|x86.Build.0 = Release|Any CPU
		{D904CB92-81F0-4336-825E-84C7A58F3F38}.Debug|Any CPU.ActiveCfg = Debug|Any CPU
		{D904CB92-81F0-4336-825E-84C7A58F3F38}.Debug|Any CPU.Build.0 = Debug|Any CPU
		{D904CB92-81F0-4336-825E-84C7A58F3F38}.Debug|ARM.ActiveCfg = Debug|Any CPU
		{D904CB92-81F0-4336-825E-84C7A58F3F38}.Debug|ARM.Build.0 = Debug|Any CPU
		{D904CB92-81F0-4336-825E-84C7A58F3F38}.Debug|x64.ActiveCfg = Debug|Any CPU
		{D904CB92-81F0-4336-825E-84C7A58F3F38}.Debug|x64.Build.0 = Debug|Any CPU
		{D904CB92-81F0-4336-825E-84C7A58F3F38}.Debug|x86.ActiveCfg = Debug|Any CPU
		{D904CB92-81F0-4336-825E-84C7A58F3F38}.Debug|x86.Build.0 = Debug|Any CPU
		{D904CB92-81F0-4336-825E-84C7A58F3F38}.Release|Any CPU.ActiveCfg = Release|Any CPU
		{D904CB92-81F0-4336-825E-84C7A58F3F38}.Release|Any CPU.Build.0 = Release|Any CPU
		{D904CB92-81F0-4336-825E-84C7A58F3F38}.Release|ARM.ActiveCfg = Release|Any CPU
		{D904CB92-81F0-4336-825E-84C7A58F3F38}.Release|ARM.Build.0 = Release|Any CPU
		{D904CB92-81F0-4336-825E-84C7A58F3F38}.Release|x64.ActiveCfg = Release|Any CPU
		{D904CB92-81F0-4336-825E-84C7A58F3F38}.Release|x64.Build.0 = Release|Any CPU
		{D904CB92-81F0-4336-825E-84C7A58F3F38}.Release|x86.ActiveCfg = Release|Any CPU
		{D904CB92-81F0-4336-825E-84C7A58F3F38}.Release|x86.Build.0 = Release|Any CPU
		{67E8A8BC-989A-4E96-B2D1-D2FE67D50893}.Debug|Any CPU.ActiveCfg = Debug|Any CPU
		{67E8A8BC-989A-4E96-B2D1-D2FE67D50893}.Debug|Any CPU.Build.0 = Debug|Any CPU
		{67E8A8BC-989A-4E96-B2D1-D2FE67D50893}.Debug|ARM.ActiveCfg = Debug|Any CPU
		{67E8A8BC-989A-4E96-B2D1-D2FE67D50893}.Debug|ARM.Build.0 = Debug|Any CPU
		{67E8A8BC-989A-4E96-B2D1-D2FE67D50893}.Debug|x64.ActiveCfg = Debug|Any CPU
		{67E8A8BC-989A-4E96-B2D1-D2FE67D50893}.Debug|x64.Build.0 = Debug|Any CPU
		{67E8A8BC-989A-4E96-B2D1-D2FE67D50893}.Debug|x86.ActiveCfg = Debug|Any CPU
		{67E8A8BC-989A-4E96-B2D1-D2FE67D50893}.Debug|x86.Build.0 = Debug|Any CPU
		{67E8A8BC-989A-4E96-B2D1-D2FE67D50893}.Release|Any CPU.ActiveCfg = Release|Any CPU
		{67E8A8BC-989A-4E96-B2D1-D2FE67D50893}.Release|Any CPU.Build.0 = Release|Any CPU
		{67E8A8BC-989A-4E96-B2D1-D2FE67D50893}.Release|ARM.ActiveCfg = Release|Any CPU
		{67E8A8BC-989A-4E96-B2D1-D2FE67D50893}.Release|ARM.Build.0 = Release|Any CPU
		{67E8A8BC-989A-4E96-B2D1-D2FE67D50893}.Release|x64.ActiveCfg = Release|Any CPU
		{67E8A8BC-989A-4E96-B2D1-D2FE67D50893}.Release|x64.Build.0 = Release|Any CPU
		{67E8A8BC-989A-4E96-B2D1-D2FE67D50893}.Release|x86.ActiveCfg = Release|Any CPU
		{67E8A8BC-989A-4E96-B2D1-D2FE67D50893}.Release|x86.Build.0 = Release|Any CPU
		{9ED9B1E9-4838-4A69-A47D-5D69853F4A1E}.Debug|Any CPU.ActiveCfg = Debug|Any CPU
		{9ED9B1E9-4838-4A69-A47D-5D69853F4A1E}.Debug|Any CPU.Build.0 = Debug|Any CPU
		{9ED9B1E9-4838-4A69-A47D-5D69853F4A1E}.Debug|ARM.ActiveCfg = Debug|Any CPU
		{9ED9B1E9-4838-4A69-A47D-5D69853F4A1E}.Debug|ARM.Build.0 = Debug|Any CPU
		{9ED9B1E9-4838-4A69-A47D-5D69853F4A1E}.Debug|x64.ActiveCfg = Debug|Any CPU
		{9ED9B1E9-4838-4A69-A47D-5D69853F4A1E}.Debug|x64.Build.0 = Debug|Any CPU
		{9ED9B1E9-4838-4A69-A47D-5D69853F4A1E}.Debug|x86.ActiveCfg = Debug|Any CPU
		{9ED9B1E9-4838-4A69-A47D-5D69853F4A1E}.Debug|x86.Build.0 = Debug|Any CPU
		{9ED9B1E9-4838-4A69-A47D-5D69853F4A1E}.Release|Any CPU.ActiveCfg = Release|Any CPU
		{9ED9B1E9-4838-4A69-A47D-5D69853F4A1E}.Release|Any CPU.Build.0 = Release|Any CPU
		{9ED9B1E9-4838-4A69-A47D-5D69853F4A1E}.Release|ARM.ActiveCfg = Release|Any CPU
		{9ED9B1E9-4838-4A69-A47D-5D69853F4A1E}.Release|ARM.Build.0 = Release|Any CPU
		{9ED9B1E9-4838-4A69-A47D-5D69853F4A1E}.Release|x64.ActiveCfg = Release|Any CPU
		{9ED9B1E9-4838-4A69-A47D-5D69853F4A1E}.Release|x64.Build.0 = Release|Any CPU
		{9ED9B1E9-4838-4A69-A47D-5D69853F4A1E}.Release|x86.ActiveCfg = Release|Any CPU
		{9ED9B1E9-4838-4A69-A47D-5D69853F4A1E}.Release|x86.Build.0 = Release|Any CPU
		{8B9E8507-10A4-45CE-8898-3A1C355C2A56}.Debug|Any CPU.ActiveCfg = Debug|Any CPU
		{8B9E8507-10A4-45CE-8898-3A1C355C2A56}.Debug|Any CPU.Build.0 = Debug|Any CPU
		{8B9E8507-10A4-45CE-8898-3A1C355C2A56}.Debug|ARM.ActiveCfg = Debug|Any CPU
		{8B9E8507-10A4-45CE-8898-3A1C355C2A56}.Debug|ARM.Build.0 = Debug|Any CPU
		{8B9E8507-10A4-45CE-8898-3A1C355C2A56}.Debug|x64.ActiveCfg = Debug|Any CPU
		{8B9E8507-10A4-45CE-8898-3A1C355C2A56}.Debug|x64.Build.0 = Debug|Any CPU
		{8B9E8507-10A4-45CE-8898-3A1C355C2A56}.Debug|x86.ActiveCfg = Debug|Any CPU
		{8B9E8507-10A4-45CE-8898-3A1C355C2A56}.Debug|x86.Build.0 = Debug|Any CPU
		{8B9E8507-10A4-45CE-8898-3A1C355C2A56}.Release|Any CPU.ActiveCfg = Release|Any CPU
		{8B9E8507-10A4-45CE-8898-3A1C355C2A56}.Release|Any CPU.Build.0 = Release|Any CPU
		{8B9E8507-10A4-45CE-8898-3A1C355C2A56}.Release|ARM.ActiveCfg = Release|Any CPU
		{8B9E8507-10A4-45CE-8898-3A1C355C2A56}.Release|ARM.Build.0 = Release|Any CPU
		{8B9E8507-10A4-45CE-8898-3A1C355C2A56}.Release|x64.ActiveCfg = Release|Any CPU
		{8B9E8507-10A4-45CE-8898-3A1C355C2A56}.Release|x64.Build.0 = Release|Any CPU
		{8B9E8507-10A4-45CE-8898-3A1C355C2A56}.Release|x86.ActiveCfg = Release|Any CPU
		{8B9E8507-10A4-45CE-8898-3A1C355C2A56}.Release|x86.Build.0 = Release|Any CPU
	EndGlobalSection
	GlobalSection(SolutionProperties) = preSolution
		HideSolutionNode = FALSE
	EndGlobalSection
	GlobalSection(ExtensibilityGlobals) = postSolution
		SolutionGuid = {6EFFD065-F4ED-40E1-ABB7-38C75B95D503}
	EndGlobalSection
EndGlobal
