
Microsoft Visual Studio Solution File, Format Version 12.00
# Visual Studio 15
VisualStudioVersion = 15.0.27004.2010
MinimumVisualStudioVersion = 10.0.40219.1
Project("{FAE04EC0-301F-11D3-BF4B-00C04F79EFBC}") = "LogoFX.Client.Core.Platform.NET45", "LogoFX.Client.Core.Platform\net45\LogoFX.Client.Core.Platform.NET45.csproj", "{27C2028A-1934-447F-953D-A6E2CB2851E1}"
EndProject
Project("{FAE04EC0-301F-11D3-BF4B-00C04F79EFBC}") = "LogoFX.Client.Core.Platform.UWP", "LogoFX.Client.Core.Platform\uwp\LogoFX.Client.Core.Platform.UWP.csproj", "{11FF7F23-9E17-48A8-9F8F-C3C65E4F7C7E}"
EndProject
Project("{FAE04EC0-301F-11D3-BF4B-00C04F79EFBC}") = "LogoFX.Client.Core.Platform.NET45.Tests", "LogoFX.Client.Core.Platform.Tests\LogoFX.Client.Core.Platform.NET45.Tests.csproj", "{A6EF61AA-C98F-4965-A077-D03BE895CEEE}"
EndProject
Project("{2150E333-8FDC-42A3-9474-1A3956D46DE8}") = "Tests", "Tests", "{71A17319-2A82-4D53-B151-BA1E1194D4BE}"
EndProject
Project("{FAE04EC0-301F-11D3-BF4B-00C04F79EFBC}") = "LogoFX.Client.Core.NET45", "LogoFX.Client.Core\net45\LogoFX.Client.Core.NET45.csproj", "{7E1FDD31-2F08-4B15-A8C9-6ADBBB80F21A}"
EndProject
Project("{9A19103F-16F7-4668-BE54-9A1E7A4F7556}") = "LogoFX.Client.Core.NETStandard13", "LogoFX.Client.Core\netstandard1.3\LogoFX.Client.Core.NETStandard13.csproj", "{E1E590C5-ADD2-47AC-B41B-9A6702D4EA28}"
EndProject
Project("{FAE04EC0-301F-11D3-BF4B-00C04F79EFBC}") = "LogoFX.Client.Core.Tests.NET45", "LogoFX.Client.Core.Tests.NET45\LogoFX.Client.Core.Tests.NET45.csproj", "{DD270850-98CC-4029-BDDD-AAB0627BCF6A}"
EndProject
Project("{9A19103F-16F7-4668-BE54-9A1E7A4F7556}") = "LogoFX.Client.Core.NETStandard20", "LogoFX.Client.Core\netstandard2.0\LogoFX.Client.Core.NETStandard20.csproj", "{9C31B68B-EAA6-4E8B-BC2D-027187CDFBB4}"
EndProject
Project("{FAE04EC0-301F-11D3-BF4B-00C04F79EFBC}") = "LogoFX.Client.Core.Tests.NETStandard20", "LogoFX.Client.Core.Tests.NETStandard20\LogoFX.Client.Core.Tests.NETStandard20.csproj", "{B4EEB0B3-298A-42CF-8A2E-22092D889147}"
EndProject
Project("{FAE04EC0-301F-11D3-BF4B-00C04F79EFBC}") = "LogoFX.Client.Core.Tests.NETStandard13", "LogoFX.Client.Core.Tests.NETStandard13\LogoFX.Client.Core.Tests.NETStandard13.csproj", "{B8F2EF57-6E13-4167-8C3C-A27B0523A1E8}"
EndProject
Global
	GlobalSection(SolutionConfigurationPlatforms) = preSolution
		Debug|Any CPU = Debug|Any CPU
		Debug|ARM = Debug|ARM
		Debug|x64 = Debug|x64
		Debug|x86 = Debug|x86
		Release|Any CPU = Release|Any CPU
		Release|ARM = Release|ARM
		Release|x64 = Release|x64
		Release|x86 = Release|x86
	EndGlobalSection
	GlobalSection(ProjectConfigurationPlatforms) = postSolution
		{27C2028A-1934-447F-953D-A6E2CB2851E1}.Debug|Any CPU.ActiveCfg = Debug|Any CPU
		{27C2028A-1934-447F-953D-A6E2CB2851E1}.Debug|Any CPU.Build.0 = Debug|Any CPU
		{27C2028A-1934-447F-953D-A6E2CB2851E1}.Debug|ARM.ActiveCfg = Debug|Any CPU
		{27C2028A-1934-447F-953D-A6E2CB2851E1}.Debug|ARM.Build.0 = Debug|Any CPU
		{27C2028A-1934-447F-953D-A6E2CB2851E1}.Debug|x64.ActiveCfg = Debug|Any CPU
		{27C2028A-1934-447F-953D-A6E2CB2851E1}.Debug|x64.Build.0 = Debug|Any CPU
		{27C2028A-1934-447F-953D-A6E2CB2851E1}.Debug|x86.ActiveCfg = Debug|Any CPU
		{27C2028A-1934-447F-953D-A6E2CB2851E1}.Debug|x86.Build.0 = Debug|Any CPU
		{27C2028A-1934-447F-953D-A6E2CB2851E1}.Release|Any CPU.ActiveCfg = Release|Any CPU
		{27C2028A-1934-447F-953D-A6E2CB2851E1}.Release|Any CPU.Build.0 = Release|Any CPU
		{27C2028A-1934-447F-953D-A6E2CB2851E1}.Release|ARM.ActiveCfg = Release|Any CPU
		{27C2028A-1934-447F-953D-A6E2CB2851E1}.Release|ARM.Build.0 = Release|Any CPU
		{27C2028A-1934-447F-953D-A6E2CB2851E1}.Release|x64.ActiveCfg = Release|Any CPU
		{27C2028A-1934-447F-953D-A6E2CB2851E1}.Release|x64.Build.0 = Release|Any CPU
		{27C2028A-1934-447F-953D-A6E2CB2851E1}.Release|x86.ActiveCfg = Release|Any CPU
		{27C2028A-1934-447F-953D-A6E2CB2851E1}.Release|x86.Build.0 = Release|Any CPU
		{11FF7F23-9E17-48A8-9F8F-C3C65E4F7C7E}.Debug|Any CPU.ActiveCfg = Debug|Any CPU
		{11FF7F23-9E17-48A8-9F8F-C3C65E4F7C7E}.Debug|Any CPU.Build.0 = Debug|Any CPU
		{11FF7F23-9E17-48A8-9F8F-C3C65E4F7C7E}.Debug|ARM.ActiveCfg = Debug|ARM
		{11FF7F23-9E17-48A8-9F8F-C3C65E4F7C7E}.Debug|ARM.Build.0 = Debug|ARM
		{11FF7F23-9E17-48A8-9F8F-C3C65E4F7C7E}.Debug|x64.ActiveCfg = Debug|x64
		{11FF7F23-9E17-48A8-9F8F-C3C65E4F7C7E}.Debug|x64.Build.0 = Debug|x64
		{11FF7F23-9E17-48A8-9F8F-C3C65E4F7C7E}.Debug|x86.ActiveCfg = Debug|x86
		{11FF7F23-9E17-48A8-9F8F-C3C65E4F7C7E}.Debug|x86.Build.0 = Debug|x86
		{11FF7F23-9E17-48A8-9F8F-C3C65E4F7C7E}.Release|Any CPU.ActiveCfg = Release|Any CPU
		{11FF7F23-9E17-48A8-9F8F-C3C65E4F7C7E}.Release|Any CPU.Build.0 = Release|Any CPU
		{11FF7F23-9E17-48A8-9F8F-C3C65E4F7C7E}.Release|ARM.ActiveCfg = Release|ARM
		{11FF7F23-9E17-48A8-9F8F-C3C65E4F7C7E}.Release|ARM.Build.0 = Release|ARM
		{11FF7F23-9E17-48A8-9F8F-C3C65E4F7C7E}.Release|x64.ActiveCfg = Release|x64
		{11FF7F23-9E17-48A8-9F8F-C3C65E4F7C7E}.Release|x64.Build.0 = Release|x64
		{11FF7F23-9E17-48A8-9F8F-C3C65E4F7C7E}.Release|x86.ActiveCfg = Release|x86
		{11FF7F23-9E17-48A8-9F8F-C3C65E4F7C7E}.Release|x86.Build.0 = Release|x86
		{A6EF61AA-C98F-4965-A077-D03BE895CEEE}.Debug|Any CPU.ActiveCfg = Debug|Any CPU
		{A6EF61AA-C98F-4965-A077-D03BE895CEEE}.Debug|Any CPU.Build.0 = Debug|Any CPU
		{A6EF61AA-C98F-4965-A077-D03BE895CEEE}.Debug|ARM.ActiveCfg = Debug|Any CPU
		{A6EF61AA-C98F-4965-A077-D03BE895CEEE}.Debug|ARM.Build.0 = Debug|Any CPU
		{A6EF61AA-C98F-4965-A077-D03BE895CEEE}.Debug|x64.ActiveCfg = Debug|Any CPU
		{A6EF61AA-C98F-4965-A077-D03BE895CEEE}.Debug|x64.Build.0 = Debug|Any CPU
		{A6EF61AA-C98F-4965-A077-D03BE895CEEE}.Debug|x86.ActiveCfg = Debug|Any CPU
		{A6EF61AA-C98F-4965-A077-D03BE895CEEE}.Debug|x86.Build.0 = Debug|Any CPU
		{A6EF61AA-C98F-4965-A077-D03BE895CEEE}.Release|Any CPU.ActiveCfg = Release|Any CPU
		{A6EF61AA-C98F-4965-A077-D03BE895CEEE}.Release|Any CPU.Build.0 = Release|Any CPU
		{A6EF61AA-C98F-4965-A077-D03BE895CEEE}.Release|ARM.ActiveCfg = Release|Any CPU
		{A6EF61AA-C98F-4965-A077-D03BE895CEEE}.Release|ARM.Build.0 = Release|Any CPU
		{A6EF61AA-C98F-4965-A077-D03BE895CEEE}.Release|x64.ActiveCfg = Release|Any CPU
		{A6EF61AA-C98F-4965-A077-D03BE895CEEE}.Release|x64.Build.0 = Release|Any CPU
		{A6EF61AA-C98F-4965-A077-D03BE895CEEE}.Release|x86.ActiveCfg = Release|Any CPU
		{A6EF61AA-C98F-4965-A077-D03BE895CEEE}.Release|x86.Build.0 = Release|Any CPU
		{7E1FDD31-2F08-4B15-A8C9-6ADBBB80F21A}.Debug|Any CPU.ActiveCfg = Debug|Any CPU
		{7E1FDD31-2F08-4B15-A8C9-6ADBBB80F21A}.Debug|Any CPU.Build.0 = Debug|Any CPU
		{7E1FDD31-2F08-4B15-A8C9-6ADBBB80F21A}.Debug|ARM.ActiveCfg = Debug|Any CPU
		{7E1FDD31-2F08-4B15-A8C9-6ADBBB80F21A}.Debug|ARM.Build.0 = Debug|Any CPU
		{7E1FDD31-2F08-4B15-A8C9-6ADBBB80F21A}.Debug|x64.ActiveCfg = Debug|Any CPU
		{7E1FDD31-2F08-4B15-A8C9-6ADBBB80F21A}.Debug|x64.Build.0 = Debug|Any CPU
		{7E1FDD31-2F08-4B15-A8C9-6ADBBB80F21A}.Debug|x86.ActiveCfg = Debug|Any CPU
		{7E1FDD31-2F08-4B15-A8C9-6ADBBB80F21A}.Debug|x86.Build.0 = Debug|Any CPU
		{7E1FDD31-2F08-4B15-A8C9-6ADBBB80F21A}.Release|Any CPU.ActiveCfg = Release|Any CPU
		{7E1FDD31-2F08-4B15-A8C9-6ADBBB80F21A}.Release|Any CPU.Build.0 = Release|Any CPU
		{7E1FDD31-2F08-4B15-A8C9-6ADBBB80F21A}.Release|ARM.ActiveCfg = Release|Any CPU
		{7E1FDD31-2F08-4B15-A8C9-6ADBBB80F21A}.Release|ARM.Build.0 = Release|Any CPU
		{7E1FDD31-2F08-4B15-A8C9-6ADBBB80F21A}.Release|x64.ActiveCfg = Release|Any CPU
		{7E1FDD31-2F08-4B15-A8C9-6ADBBB80F21A}.Release|x64.Build.0 = Release|Any CPU
		{7E1FDD31-2F08-4B15-A8C9-6ADBBB80F21A}.Release|x86.ActiveCfg = Release|Any CPU
		{7E1FDD31-2F08-4B15-A8C9-6ADBBB80F21A}.Release|x86.Build.0 = Release|Any CPU
		{E1E590C5-ADD2-47AC-B41B-9A6702D4EA28}.Debug|Any CPU.ActiveCfg = Debug|Any CPU
		{E1E590C5-ADD2-47AC-B41B-9A6702D4EA28}.Debug|Any CPU.Build.0 = Debug|Any CPU
		{E1E590C5-ADD2-47AC-B41B-9A6702D4EA28}.Debug|ARM.ActiveCfg = Debug|Any CPU
		{E1E590C5-ADD2-47AC-B41B-9A6702D4EA28}.Debug|ARM.Build.0 = Debug|Any CPU
		{E1E590C5-ADD2-47AC-B41B-9A6702D4EA28}.Debug|x64.ActiveCfg = Debug|Any CPU
		{E1E590C5-ADD2-47AC-B41B-9A6702D4EA28}.Debug|x64.Build.0 = Debug|Any CPU
		{E1E590C5-ADD2-47AC-B41B-9A6702D4EA28}.Debug|x86.ActiveCfg = Debug|Any CPU
		{E1E590C5-ADD2-47AC-B41B-9A6702D4EA28}.Debug|x86.Build.0 = Debug|Any CPU
		{E1E590C5-ADD2-47AC-B41B-9A6702D4EA28}.Release|Any CPU.ActiveCfg = Release|Any CPU
		{E1E590C5-ADD2-47AC-B41B-9A6702D4EA28}.Release|Any CPU.Build.0 = Release|Any CPU
		{E1E590C5-ADD2-47AC-B41B-9A6702D4EA28}.Release|ARM.ActiveCfg = Release|Any CPU
		{E1E590C5-ADD2-47AC-B41B-9A6702D4EA28}.Release|ARM.Build.0 = Release|Any CPU
		{E1E590C5-ADD2-47AC-B41B-9A6702D4EA28}.Release|x64.ActiveCfg = Release|Any CPU
		{E1E590C5-ADD2-47AC-B41B-9A6702D4EA28}.Release|x64.Build.0 = Release|Any CPU
		{E1E590C5-ADD2-47AC-B41B-9A6702D4EA28}.Release|x86.ActiveCfg = Release|Any CPU
		{E1E590C5-ADD2-47AC-B41B-9A6702D4EA28}.Release|x86.Build.0 = Release|Any CPU
		{DD270850-98CC-4029-BDDD-AAB0627BCF6A}.Debug|Any CPU.ActiveCfg = Debug|Any CPU
		{DD270850-98CC-4029-BDDD-AAB0627BCF6A}.Debug|Any CPU.Build.0 = Debug|Any CPU
		{DD270850-98CC-4029-BDDD-AAB0627BCF6A}.Debug|ARM.ActiveCfg = Debug|Any CPU
		{DD270850-98CC-4029-BDDD-AAB0627BCF6A}.Debug|ARM.Build.0 = Debug|Any CPU
		{DD270850-98CC-4029-BDDD-AAB0627BCF6A}.Debug|x64.ActiveCfg = Debug|Any CPU
		{DD270850-98CC-4029-BDDD-AAB0627BCF6A}.Debug|x64.Build.0 = Debug|Any CPU
		{DD270850-98CC-4029-BDDD-AAB0627BCF6A}.Debug|x86.ActiveCfg = Debug|Any CPU
		{DD270850-98CC-4029-BDDD-AAB0627BCF6A}.Debug|x86.Build.0 = Debug|Any CPU
		{DD270850-98CC-4029-BDDD-AAB0627BCF6A}.Release|Any CPU.ActiveCfg = Release|Any CPU
		{DD270850-98CC-4029-BDDD-AAB0627BCF6A}.Release|Any CPU.Build.0 = Release|Any CPU
		{DD270850-98CC-4029-BDDD-AAB0627BCF6A}.Release|ARM.ActiveCfg = Release|Any CPU
		{DD270850-98CC-4029-BDDD-AAB0627BCF6A}.Release|ARM.Build.0 = Release|Any CPU
		{DD270850-98CC-4029-BDDD-AAB0627BCF6A}.Release|x64.ActiveCfg = Release|Any CPU
		{DD270850-98CC-4029-BDDD-AAB0627BCF6A}.Release|x64.Build.0 = Release|Any CPU
		{DD270850-98CC-4029-BDDD-AAB0627BCF6A}.Release|x86.ActiveCfg = Release|Any CPU
		{DD270850-98CC-4029-BDDD-AAB0627BCF6A}.Release|x86.Build.0 = Release|Any CPU
		{9C31B68B-EAA6-4E8B-BC2D-027187CDFBB4}.Debug|Any CPU.ActiveCfg = Debug|Any CPU
		{9C31B68B-EAA6-4E8B-BC2D-027187CDFBB4}.Debug|Any CPU.Build.0 = Debug|Any CPU
		{9C31B68B-EAA6-4E8B-BC2D-027187CDFBB4}.Debug|ARM.ActiveCfg = Debug|Any CPU
		{9C31B68B-EAA6-4E8B-BC2D-027187CDFBB4}.Debug|ARM.Build.0 = Debug|Any CPU
		{9C31B68B-EAA6-4E8B-BC2D-027187CDFBB4}.Debug|x64.ActiveCfg = Debug|Any CPU
		{9C31B68B-EAA6-4E8B-BC2D-027187CDFBB4}.Debug|x64.Build.0 = Debug|Any CPU
		{9C31B68B-EAA6-4E8B-BC2D-027187CDFBB4}.Debug|x86.ActiveCfg = Debug|Any CPU
		{9C31B68B-EAA6-4E8B-BC2D-027187CDFBB4}.Debug|x86.Build.0 = Debug|Any CPU
		{9C31B68B-EAA6-4E8B-BC2D-027187CDFBB4}.Release|Any CPU.ActiveCfg = Release|Any CPU
		{9C31B68B-EAA6-4E8B-BC2D-027187CDFBB4}.Release|Any CPU.Build.0 = Release|Any CPU
		{9C31B68B-EAA6-4E8B-BC2D-027187CDFBB4}.Release|ARM.ActiveCfg = Release|Any CPU
		{9C31B68B-EAA6-4E8B-BC2D-027187CDFBB4}.Release|ARM.Build.0 = Release|Any CPU
		{9C31B68B-EAA6-4E8B-BC2D-027187CDFBB4}.Release|x64.ActiveCfg = Release|Any CPU
		{9C31B68B-EAA6-4E8B-BC2D-027187CDFBB4}.Release|x64.Build.0 = Release|Any CPU
		{9C31B68B-EAA6-4E8B-BC2D-027187CDFBB4}.Release|x86.ActiveCfg = Release|Any CPU
		{9C31B68B-EAA6-4E8B-BC2D-027187CDFBB4}.Release|x86.Build.0 = Release|Any CPU
		{B4EEB0B3-298A-42CF-8A2E-22092D889147}.Debug|Any CPU.ActiveCfg = Debug|Any CPU
		{B4EEB0B3-298A-42CF-8A2E-22092D889147}.Debug|Any CPU.Build.0 = Debug|Any CPU
		{B4EEB0B3-298A-42CF-8A2E-22092D889147}.Debug|ARM.ActiveCfg = Debug|Any CPU
		{B4EEB0B3-298A-42CF-8A2E-22092D889147}.Debug|ARM.Build.0 = Debug|Any CPU
		{B4EEB0B3-298A-42CF-8A2E-22092D889147}.Debug|x64.ActiveCfg = Debug|Any CPU
		{B4EEB0B3-298A-42CF-8A2E-22092D889147}.Debug|x64.Build.0 = Debug|Any CPU
		{B4EEB0B3-298A-42CF-8A2E-22092D889147}.Debug|x86.ActiveCfg = Debug|Any CPU
		{B4EEB0B3-298A-42CF-8A2E-22092D889147}.Debug|x86.Build.0 = Debug|Any CPU
		{B4EEB0B3-298A-42CF-8A2E-22092D889147}.Release|Any CPU.ActiveCfg = Release|Any CPU
		{B4EEB0B3-298A-42CF-8A2E-22092D889147}.Release|Any CPU.Build.0 = Release|Any CPU
		{B4EEB0B3-298A-42CF-8A2E-22092D889147}.Release|ARM.ActiveCfg = Release|Any CPU
		{B4EEB0B3-298A-42CF-8A2E-22092D889147}.Release|ARM.Build.0 = Release|Any CPU
		{B4EEB0B3-298A-42CF-8A2E-22092D889147}.Release|x64.ActiveCfg = Release|Any CPU
		{B4EEB0B3-298A-42CF-8A2E-22092D889147}.Release|x64.Build.0 = Release|Any CPU
		{B4EEB0B3-298A-42CF-8A2E-22092D889147}.Release|x86.ActiveCfg = Release|Any CPU
		{B4EEB0B3-298A-42CF-8A2E-22092D889147}.Release|x86.Build.0 = Release|Any CPU
		{B8F2EF57-6E13-4167-8C3C-A27B0523A1E8}.Debug|Any CPU.ActiveCfg = Debug|Any CPU
		{B8F2EF57-6E13-4167-8C3C-A27B0523A1E8}.Debug|Any CPU.Build.0 = Debug|Any CPU
		{B8F2EF57-6E13-4167-8C3C-A27B0523A1E8}.Debug|ARM.ActiveCfg = Debug|Any CPU
		{B8F2EF57-6E13-4167-8C3C-A27B0523A1E8}.Debug|ARM.Build.0 = Debug|Any CPU
		{B8F2EF57-6E13-4167-8C3C-A27B0523A1E8}.Debug|x64.ActiveCfg = Debug|Any CPU
		{B8F2EF57-6E13-4167-8C3C-A27B0523A1E8}.Debug|x64.Build.0 = Debug|Any CPU
		{B8F2EF57-6E13-4167-8C3C-A27B0523A1E8}.Debug|x86.ActiveCfg = Debug|Any CPU
		{B8F2EF57-6E13-4167-8C3C-A27B0523A1E8}.Debug|x86.Build.0 = Debug|Any CPU
		{B8F2EF57-6E13-4167-8C3C-A27B0523A1E8}.Release|Any CPU.ActiveCfg = Release|Any CPU
		{B8F2EF57-6E13-4167-8C3C-A27B0523A1E8}.Release|Any CPU.Build.0 = Release|Any CPU
		{B8F2EF57-6E13-4167-8C3C-A27B0523A1E8}.Release|ARM.ActiveCfg = Release|Any CPU
		{B8F2EF57-6E13-4167-8C3C-A27B0523A1E8}.Release|ARM.Build.0 = Release|Any CPU
		{B8F2EF57-6E13-4167-8C3C-A27B0523A1E8}.Release|x64.ActiveCfg = Release|Any CPU
		{B8F2EF57-6E13-4167-8C3C-A27B0523A1E8}.Release|x64.Build.0 = Release|Any CPU
		{B8F2EF57-6E13-4167-8C3C-A27B0523A1E8}.Release|x86.ActiveCfg = Release|Any CPU
		{B8F2EF57-6E13-4167-8C3C-A27B0523A1E8}.Release|x86.Build.0 = Release|Any CPU
	EndGlobalSection
	GlobalSection(SolutionProperties) = preSolution
		HideSolutionNode = FALSE
	EndGlobalSection
	GlobalSection(NestedProjects) = preSolution
		{A6EF61AA-C98F-4965-A077-D03BE895CEEE} = {71A17319-2A82-4D53-B151-BA1E1194D4BE}
		{DD270850-98CC-4029-BDDD-AAB0627BCF6A} = {71A17319-2A82-4D53-B151-BA1E1194D4BE}
		{B4EEB0B3-298A-42CF-8A2E-22092D889147} = {71A17319-2A82-4D53-B151-BA1E1194D4BE}
		{B8F2EF57-6E13-4167-8C3C-A27B0523A1E8} = {71A17319-2A82-4D53-B151-BA1E1194D4BE}
	EndGlobalSection
	GlobalSection(ExtensibilityGlobals) = postSolution
		SolutionGuid = {6EFFD065-F4ED-40E1-ABB7-38C75B95D503}
	EndGlobalSection
EndGlobal
